<?xml version="1.0" encoding="utf-8"?>
<Project ToolsVersion="4.0" xmlns="http://schemas.microsoft.com/developer/msbuild/2003">
  <ItemGroup>
    <Filter Include="Source Files">
      <UniqueIdentifier>{4FC737F1-C7A5-4376-A066-2A32D752A2FF}</UniqueIdentifier>
      <Extensions>cpp;c;cc;cxx;c++;cppm;ixx;def;odl;idl;hpj;bat;asm;asmx</Extensions>
    </Filter>
    <Filter Include="Resource Files">
      <UniqueIdentifier>{67DA6AB6-F800-4c08-8B7A-83BB121AAD01}</UniqueIdentifier>
      <Extensions>rc;ico;cur;bmp;dlg;rc2;rct;bin;rgs;gif;jpg;jpeg;jpe;resx;tiff;tif;png;wav;mfcribbon-ms</Extensions>
    </Filter>
    <Filter Include="Source Files\sources">
      <UniqueIdentifier>{0f723af4-c15d-4d38-8b4e-1ed285eb7973}</UniqueIdentifier>
    </Filter>
  </ItemGroup>
  <ItemGroup>
    <ClCompile Include="render-example.cpp">
      <Filter>Source Files</Filter>
    </ClCompile>
    <ClCompile Include="..\..\src\api\grpc\protoc\apichangemanager.grpc.pb.cc">
      <Filter>Source Files\sources</Filter>
    </ClCompile>
    <ClCompile Include="..\..\src\api\grpc\protoc\apichangemanager.pb.cc">
      <Filter>Source Files\sources</Filter>
    </ClCompile>
    <ClCompile Include="..\..\src\api\grpc\protoc\apiprojectmanager.grpc.pb.cc">
      <Filter>Source Files\sources</Filter>
    </ClCompile>
    <ClCompile Include="..\..\src\api\grpc\protoc\apiprojectmanager.pb.cc">
      <Filter>Source Files\sources</Filter>
    </ClCompile>
    <ClCompile Include="..\..\src\api\grpc\protoc\apirender.grpc.pb.cc">
      <Filter>Source Files\sources</Filter>
    </ClCompile>
    <ClCompile Include="..\..\src\api\grpc\protoc\apirender.pb.cc">
      <Filter>Source Files\sources</Filter>
    </ClCompile>
    <ClCompile Include="..\..\src\api\grpc\protoc\common.grpc.pb.cc">
      <Filter>Source Files\sources</Filter>
    </ClCompile>
    <ClCompile Include="..\..\src\api\grpc\protoc\common.pb.cc">
      <Filter>Source Files\sources</Filter>
    </ClCompile>
    <ClCompile Include="..\..\src\api\grpc\protoc\octaneenums.grpc.pb.cc">
      <Filter>Source Files\sources</Filter>
    </ClCompile>
    <ClCompile Include="..\..\src\api\grpc\protoc\octaneenums.pb.cc">
      <Filter>Source Files\sources</Filter>
    </ClCompile>
    <ClCompile Include="..\..\src\api\grpc\protoc\octaneids.grpc.pb.cc">
      <Filter>Source Files\sources</Filter>
    </ClCompile>
    <ClCompile Include="..\..\src\api\grpc\protoc\octaneids.pb.cc">
      <Filter>Source Files\sources</Filter>
    </ClCompile>
    <ClCompile Include="..\..\src\api\grpc\protoc\apinodesystem_3.grpc.pb.cc">
      <Filter>Source Files\sources</Filter>
    </ClCompile>
    <ClCompile Include="..\..\src\api\grpc\protoc\apinodesystem_3.pb.cc">
      <Filter>Source Files\sources</Filter>
    </ClCompile>
    <ClCompile Include="..\..\src\api\grpc\protoc\apinodesystem_7.grpc.pb.cc">
      <Filter>Source Files\sources</Filter>
    </ClCompile>
    <ClCompile Include="..\..\src\api\grpc\protoc\apinodesystem_7.pb.cc">
      <Filter>Source Files\sources</Filter>
    </ClCompile>
    <ClCompile Include="..\..\src\api\grpc\protoc\apiinfo.grpc.pb.cc">
      <Filter>Source Files\sources</Filter>
    </ClCompile>
    <ClCompile Include="..\..\src\api\grpc\protoc\apiinfo.pb.cc">
      <Filter>Source Files\sources</Filter>
    </ClCompile>
    <ClCompile Include="..\..\src\api\grpc\protoc\callbackstream.grpc.pb.cc">
      <Filter>Source Files\sources</Filter>
    </ClCompile>
    <ClCompile Include="..\..\src\api\grpc\protoc\callbackstream.pb.cc">
      <Filter>Source Files\sources</Filter>
    </ClCompile>
    <ClCompile Include="..\..\src\api\grpc\protoc\apitimesampling.grpc.pb.cc">
      <Filter>Source Files\sources</Filter>
    </ClCompile>
    <ClCompile Include="..\..\src\api\grpc\protoc\apitimesampling.pb.cc">
      <Filter>Source Files\sources</Filter>
    </ClCompile>
    <ClCompile Include="..\..\src\api\grpc\protoc\octaneimageexport.grpc.pb.cc">
      <Filter>Source Files\sources</Filter>
    </ClCompile>
    <ClCompile Include="..\..\src\api\grpc\protoc\octaneimageexport.pb.cc">
      <Filter>Source Files\sources</Filter>
    </ClCompile>
    <ClCompile Include="..\..\src\api\grpc\protoc\octaneinfos.grpc.pb.cc">
      <Filter>Source Files\sources</Filter>
    </ClCompile>
    <ClCompile Include="..\..\src\api\grpc\protoc\octaneinfos.pb.cc">
      <Filter>Source Files\sources</Filter>
    </ClCompile>
    <ClCompile Include="..\..\src\api\grpc\protoc\octanereferenceexport.grpc.pb.cc">
      <Filter>Source Files\sources</Filter>
    </ClCompile>
    <ClCompile Include="..\..\src\api\grpc\protoc\octanereferenceexport.pb.cc">
      <Filter>Source Files\sources</Filter>
    </ClCompile>
    <ClCompile Include="..\..\src\api\grpc\protoc\octanerenderpasses.grpc.pb.cc">
      <Filter>Source Files\sources</Filter>
    </ClCompile>
    <ClCompile Include="..\..\src\api\grpc\protoc\octanerenderpasses.pb.cc">
      <Filter>Source Files\sources</Filter>
    </ClCompile>
    <ClCompile Include="..\..\src\api\grpc\protoc\octanetime.grpc.pb.cc">
      <Filter>Source Files\sources</Filter>
    </ClCompile>
    <ClCompile Include="..\..\src\api\grpc\protoc\octanetime.pb.cc">
      <Filter>Source Files\sources</Filter>
    </ClCompile>
  </ItemGroup>
  <ItemGroup>
    <ClInclude Include="..\..\src\api\grpc\protoc\apinodesystem_3.grpc.pb.h">
      <Filter>Source Files\sources</Filter>
    </ClInclude>
    <ClInclude Include="..\..\src\api\grpc\protoc\apinodesystem_3.pb.h">
      <Filter>Source Files\sources</Filter>
    </ClInclude>
    <ClInclude Include="..\..\src\api\grpc\protoc\apinodesystem_7.grpc.pb.h">
      <Filter>Source Files\sources</Filter>
    </ClInclude>
    <ClInclude Include="..\..\src\api\grpc\protoc\apinodesystem_7.pb.h">
      <Filter>Source Files\sources</Filter>
    </ClInclude>
    <ClInclude Include="..\..\src\api\grpc\protoc\apichangemanager.grpc.pb.h">
      <Filter>Source Files\sources</Filter>
    </ClInclude>
    <ClInclude Include="..\..\src\api\grpc\protoc\apichangemanager.pb.h">
      <Filter>Source Files\sources</Filter>
    </ClInclude>
    <ClInclude Include="..\..\src\api\grpc\protoc\apiprojectmanager.grpc.pb.h">
      <Filter>Source Files\sources</Filter>
    </ClInclude>
    <ClInclude Include="..\..\src\api\grpc\protoc\apiprojectmanager.pb.h">
      <Filter>Source Files\sources</Filter>
    </ClInclude>
    <ClInclude Include="..\..\src\api\grpc\protoc\apirender.grpc.pb.h">
      <Filter>Source Files\sources</Filter>
    </ClInclude>
    <ClInclude Include="..\..\src\api\grpc\protoc\apirender.pb.h">
      <Filter>Source Files\sources</Filter>
    </ClInclude>
    <ClInclude Include="..\..\src\api\grpc\protoc\common.grpc.pb.h">
      <Filter>Source Files\sources</Filter>
    </ClInclude>
    <ClInclude Include="..\..\src\api\grpc\protoc\common.pb.h">
      <Filter>Source Files\sources</Filter>
    </ClInclude>
    <ClInclude Include="..\..\src\api\grpc\protoc\octaneenums.grpc.pb.h">
      <Filter>Source Files\sources</Filter>
    </ClInclude>
    <ClInclude Include="..\..\src\api\grpc\protoc\octaneenums.pb.h">
      <Filter>Source Files\sources</Filter>
    </ClInclude>
    <ClInclude Include="..\..\src\api\grpc\protoc\octaneids.grpc.pb.h">
      <Filter>Source Files\sources</Filter>
    </ClInclude>
    <ClInclude Include="..\..\src\api\grpc\protoc\octaneids.pb.h">
      <Filter>Source Files\sources</Filter>
    </ClInclude>
    <ClInclude Include="..\..\src\api\grpc\protoc\apiinfo.grpc.pb.h">
      <Filter>Source Files\sources</Filter>
    </ClInclude>
    <ClInclude Include="..\..\src\api\grpc\protoc\apiinfo.pb.h">
      <Filter>Source Files\sources</Filter>
    </ClInclude>
    <ClInclude Include="..\..\src\api\grpc\protoc\callbackstream.grpc.pb.h">
      <Filter>Source Files\sources</Filter>
    </ClInclude>
    <ClInclude Include="..\..\src\api\grpc\protoc\callbackstream.pb.h">
      <Filter>Source Files\sources</Filter>
    </ClInclude>
    <ClInclude Include="..\..\src\api\grpc\protoc\apitimesampling.grpc.pb.h">
      <Filter>Source Files\sources</Filter>
    </ClInclude>
    <ClInclude Include="..\..\src\api\grpc\protoc\apitimesampling.pb.h">
      <Filter>Source Files\sources</Filter>
    </ClInclude>
    <ClInclude Include="..\..\src\api\grpc\protoc\octaneimageexport.grpc.pb.h">
      <Filter>Source Files\sources</Filter>
    </ClInclude>
    <ClInclude Include="..\..\src\api\grpc\protoc\octaneimageexport.pb.h">
      <Filter>Source Files\sources</Filter>
    </ClInclude>
    <ClInclude Include="..\..\src\api\grpc\protoc\octaneinfos.grpc.pb.h">
      <Filter>Source Files\sources</Filter>
    </ClInclude>
    <ClInclude Include="..\..\src\api\grpc\protoc\octaneinfos.pb.h">
      <Filter>Source Files\sources</Filter>
    </ClInclude>
    <ClInclude Include="..\..\src\api\grpc\protoc\octanereferenceexport.grpc.pb.h">
      <Filter>Source Files\sources</Filter>
    </ClInclude>
    <ClInclude Include="..\..\src\api\grpc\protoc\octanereferenceexport.pb.h">
      <Filter>Source Files\sources</Filter>
    </ClInclude>
    <ClInclude Include="..\..\src\api\grpc\protoc\octanerenderpasses.grpc.pb.h">
      <Filter>Source Files\sources</Filter>
    </ClInclude>
    <ClInclude Include="..\..\src\api\grpc\protoc\octanerenderpasses.pb.h">
      <Filter>Source Files\sources</Filter>
    </ClInclude>
    <ClInclude Include="..\..\src\api\grpc\protoc\octanetime.grpc.pb.h">
      <Filter>Source Files\sources</Filter>
    </ClInclude>
    <ClInclude Include="..\..\src\api\grpc\protoc\octanetime.pb.h">
      <Filter>Source Files\sources</Filter>
    </ClInclude>
  </ItemGroup>
</Project>